<?xml version="1.0" encoding="utf-8"?>
<Project ToolsVersion="4.0" xmlns="http://schemas.microsoft.com/developer/msbuild/2003">
  <ItemGroup>
    <Filter Include="源文件">
      <UniqueIdentifier>{4FC737F1-C7A5-4376-A066-2A32D752A2FF}</UniqueIdentifier>
      <Extensions>cpp;c;cc;cxx;def;odl;idl;hpj;bat;asm;asmx</Extensions>
    </Filter>
    <Filter Include="头文件">
      <UniqueIdentifier>{93995380-89BD-4b04-88EB-625FBE52EBFB}</UniqueIdentifier>
      <Extensions>h;hh;hpp;hxx;hm;inl;inc;xsd</Extensions>
    </Filter>
    <Filter Include="资源文件">
      <UniqueIdentifier>{67DA6AB6-F800-4c08-8B7A-83BB121AAD01}</UniqueIdentifier>
      <Extensions>rc;ico;cur;bmp;dlg;rc2;rct;bin;rgs;gif;jpg;jpeg;jpe;resx;tiff;tif;png;wav;mfcribbon-ms</Extensions>
    </Filter>
    <Filter Include="Shader">
      <UniqueIdentifier>{f0b1d1e4-22bc-44d6-9d29-8cd90c6104c4}</UniqueIdentifier>
    </Filter>
    <Filter Include="头文件\Rendering">
      <UniqueIdentifier>{18cacf50-c711-4087-88a4-9582f9e5c0d1}</UniqueIdentifier>
    </Filter>
    <Filter Include="源文件\Rendering">
      <UniqueIdentifier>{7066d008-973e-4a9d-9b9d-9f6992db41f8}</UniqueIdentifier>
    </Filter>
    <Filter Include="头文件\Core">
      <UniqueIdentifier>{c954078d-449f-481d-b8b5-21d7294d89be}</UniqueIdentifier>
    </Filter>
    <Filter Include="源文件\Core">
      <UniqueIdentifier>{db8fedfd-1625-46e9-bbaf-892a3e4121e4}</UniqueIdentifier>
    </Filter>
    <Filter Include="Config">
      <UniqueIdentifier>{eb55161b-b2ee-4349-831f-6affac9d0a39}</UniqueIdentifier>
    </Filter>
    <Filter Include="Scene">
      <UniqueIdentifier>{a7a4223d-2eb8-4902-8916-1d0607b759bd}</UniqueIdentifier>
    </Filter>
  </ItemGroup>
  <ItemGroup>
    <ClCompile Include="Src\CRMain.cpp">
      <Filter>源文件</Filter>
    </ClCompile>
    <ClCompile Include="Src\CRGPass.cpp">
      <Filter>源文件\Rendering</Filter>
    </ClCompile>
    <ClCompile Include="Src\CRRenderPass.cpp">
      <Filter>源文件\Rendering</Filter>
    </ClCompile>
    <ClCompile Include="Src\CRSkyRenderPass.cpp">
      <Filter>源文件\Rendering</Filter>
    </ClCompile>
    <ClCompile Include="Src\CRFinalPass.cpp">
      <Filter>源文件\Rendering</Filter>
    </ClCompile>
    <ClCompile Include="Src\CRCamera.cpp">
      <Filter>源文件\Core</Filter>
    </ClCompile>
    <ClCompile Include="Src\CRCameraManager.cpp">
      <Filter>源文件\Core</Filter>
    </ClCompile>
    <ClCompile Include="Src\CRController.cpp">
      <Filter>源文件\Core</Filter>
    </ClCompile>
    <ClCompile Include="Src\CRControllerManager.cpp">
      <Filter>源文件\Core</Filter>
    </ClCompile>
    <ClCompile Include="Src\CRFbxImportManager.cpp">
      <Filter>源文件\Core</Filter>
    </ClCompile>
    <ClCompile Include="Src\CRFileReader.cpp">
      <Filter>源文件\Core</Filter>
    </ClCompile>
    <ClCompile Include="Src\CRMath.cpp">
      <Filter>源文件\Core</Filter>
    </ClCompile>
    <ClCompile Include="Src\CRMeshObject.cpp">
      <Filter>源文件\Core</Filter>
    </ClCompile>
    <ClCompile Include="Src\CRObject.cpp">
      <Filter>源文件\Core</Filter>
    </ClCompile>
    <ClCompile Include="Src\CRShaderManager.cpp">
      <Filter>源文件\Core</Filter>
    </ClCompile>
    <ClCompile Include="Src\CRTextureManager.cpp">
      <Filter>源文件\Core</Filter>
    </ClCompile>
    <ClCompile Include="Src\CRWindowManager.cpp">
      <Filter>源文件\Core</Filter>
    </ClCompile>
    <ClCompile Include="Src\CRLightPass.cpp">
      <Filter>源文件\Rendering</Filter>
    </ClCompile>
    <ClCompile Include="Src\CRRenderPassManager.cpp">
      <Filter>源文件\Rendering</Filter>
    </ClCompile>
    <ClCompile Include="Src\CRSceneManager.cpp">
      <Filter>源文件\Core</Filter>
    </ClCompile>
    <ClCompile Include="Src\CRSMPass.cpp">
      <Filter>源文件\Rendering</Filter>
    </ClCompile>
    <ClCompile Include="Src\CRShadowPass.cpp">
      <Filter>源文件\Rendering</Filter>
    </ClCompile>
    <ClCompile Include="Src\CRShadowBlurPass.cpp">
      <Filter>源文件\Rendering</Filter>
    </ClCompile>
    <ClCompile Include="Src\CRSSAOPass.cpp">
      <Filter>源文件\Rendering</Filter>
    </ClCompile>
    <ClCompile Include="Src\CRGIPass.cpp">
      <Filter>源文件\Rendering</Filter>
    </ClCompile>
    <ClCompile Include="Src\CRSSRPass.cpp">
      <Filter>源文件\Rendering</Filter>
    </ClCompile>
    <ClCompile Include="Src\CRVolumetricCloudPass.cpp">
      <Filter>源文件\Rendering</Filter>
    </ClCompile>
    <ClCompile Include="Src\CRWeatherSystem.cpp">
      <Filter>源文件\Core</Filter>
    </ClCompile>
    <ClCompile Include="Src\CRLight.cpp">
      <Filter>源文件\Core</Filter>
    </ClCompile>
    <ClCompile Include="Src\CRLightManager.cpp">
      <Filter>源文件\Core</Filter>
    </ClCompile>
    <ClCompile Include="Src\CRConfigManager.cpp">
      <Filter>源文件\Core</Filter>
    </ClCompile>
  </ItemGroup>
  <ItemGroup>
    <ClInclude Include="Inc\CRFinalPass.h">
      <Filter>头文件\Rendering</Filter>
    </ClInclude>
    <ClInclude Include="Inc\CRGPass.h">
      <Filter>头文件\Rendering</Filter>
    </ClInclude>
    <ClInclude Include="Inc\CRRenderPass.h">
      <Filter>头文件\Rendering</Filter>
    </ClInclude>
    <ClInclude Include="Inc\CRSkyRenderPass.h">
      <Filter>头文件\Rendering</Filter>
    </ClInclude>
    <ClInclude Include="Inc\CRCamera.h">
      <Filter>头文件\Core</Filter>
    </ClInclude>
    <ClInclude Include="Inc\CRCameraManager.h">
      <Filter>头文件\Core</Filter>
    </ClInclude>
    <ClInclude Include="Inc\CRController.h">
      <Filter>头文件\Core</Filter>
    </ClInclude>
    <ClInclude Include="Inc\CRControllerManager.h">
      <Filter>头文件\Core</Filter>
    </ClInclude>
    <ClInclude Include="Inc\CRFbxImportManager.h">
      <Filter>头文件\Core</Filter>
    </ClInclude>
    <ClInclude Include="Inc\CRFileReader.h">
      <Filter>头文件\Core</Filter>
    </ClInclude>
    <ClInclude Include="Inc\CRGloble.h">
      <Filter>头文件\Core</Filter>
    </ClInclude>
    <ClInclude Include="Inc\CRMath.h">
      <Filter>头文件\Core</Filter>
    </ClInclude>
    <ClInclude Include="Inc\CRMeshObject.h">
      <Filter>头文件\Core</Filter>
    </ClInclude>
    <ClInclude Include="Inc\CRObject.h">
      <Filter>头文件\Core</Filter>
    </ClInclude>
    <ClInclude Include="Inc\CRShaderManager.h">
      <Filter>头文件\Core</Filter>
    </ClInclude>
    <ClInclude Include="Inc\CRTextureManager.h">
      <Filter>头文件\Core</Filter>
    </ClInclude>
    <ClInclude Include="Inc\CRWindowManager.h">
      <Filter>头文件\Core</Filter>
    </ClInclude>
    <ClInclude Include="Inc\CRLightPass.h">
      <Filter>头文件\Rendering</Filter>
    </ClInclude>
    <ClInclude Include="Inc\CRRenderPassManager.h">
      <Filter>头文件\Rendering</Filter>
    </ClInclude>
    <ClInclude Include="Inc\CRSceneManager.h">
      <Filter>头文件\Core</Filter>
    </ClInclude>
    <ClInclude Include="Inc\CRSMPass.h">
      <Filter>头文件\Rendering</Filter>
    </ClInclude>
    <ClInclude Include="Inc\CRShadowPass.h">
      <Filter>头文件\Rendering</Filter>
    </ClInclude>
    <ClInclude Include="Inc\CRShadowBlurPass.h">
      <Filter>头文件\Rendering</Filter>
    </ClInclude>
    <ClInclude Include="Inc\CRSSAOPass.h">
      <Filter>头文件\Rendering</Filter>
    </ClInclude>
    <ClInclude Include="Inc\CRGIPass.h">
      <Filter>头文件\Rendering</Filter>
    </ClInclude>
    <ClInclude Include="Inc\CRSSRPass.h">
      <Filter>头文件\Rendering</Filter>
    </ClInclude>
    <ClInclude Include="Inc\CRVolumetricCloudPass.h">
      <Filter>头文件\Rendering</Filter>
    </ClInclude>
    <ClInclude Include="Inc\CRWeatherSystem.h">
      <Filter>头文件\Core</Filter>
    </ClInclude>
    <ClInclude Include="Inc\CRLight.h">
      <Filter>头文件\Core</Filter>
    </ClInclude>
    <ClInclude Include="Inc\CRLightManager.h">
      <Filter>头文件\Core</Filter>
    </ClInclude>
    <ClInclude Include="Inc\CRConfigManager.h">
      <Filter>头文件\Core</Filter>
    </ClInclude>
  </ItemGroup>
  <ItemGroup>
    <None Include="Resources\Shader\Atmosphere.vert">
      <Filter>Shader</Filter>
    </None>
    <None Include="Resources\Shader\Atmosphere.frag">
      <Filter>Shader</Filter>
    </None>
    <None Include="Resources\Shader\FinalPass.frag">
      <Filter>Shader</Filter>
    </None>
    <None Include="Resources\Shader\GPass.frag">
      <Filter>Shader</Filter>
    </None>
    <None Include="Resources\Shader\GPass.vert">
      <Filter>Shader</Filter>
    </None>
    <None Include="Resources\Shader\LightPass.frag">
      <Filter>Shader</Filter>
    </None>
    <None Include="Resources\Shader\ScreenQuad.vert">
      <Filter>Shader</Filter>
    </None>
    <None Include="Resources\Shader\SM.frag">
      <Filter>Shader</Filter>
    </None>
    <None Include="Resources\Shader\SM.vert">
      <Filter>Shader</Filter>
    </None>
    <None Include="Resources\Shader\ShadowPass.frag">
      <Filter>Shader</Filter>
    </None>
    <None Include="Resources\Shader\ShadowBlur.frag">
      <Filter>Shader</Filter>
    </None>
    <None Include="Resources\Shader\SSAO.frag">
      <Filter>Shader</Filter>
    </None>
    <None Include="Resources\Shader\GIPass.frag">
      <Filter>Shader</Filter>
    </None>
    <None Include="Resources\Shader\SSR.frag">
      <Filter>Shader</Filter>
    </None>
    <None Include="Resources\Shader\VolumatricCloud.frag">
      <Filter>Shader</Filter>
    </None>
    <None Include="Resources\Shader\VolumatricCloud.vert">
      <Filter>Shader</Filter>
    </None>
    <None Include="Resources\Shader\GIDenoise.frag">
      <Filter>Shader</Filter>
    </None>
  </ItemGroup>
  <ItemGroup>
    <Xml Include="Config.xml">
      <Filter>Config</Filter>
    </Xml>
    <Xml Include="Resources\Scene\Bunnies.xml">
      <Filter>Scene</Filter>
    </Xml>
    <Xml Include="Resources\Scene\Sponza.xml">
      <Filter>Scene</Filter>
    </Xml>
    <Xml Include="Resources\Scene\Tank.xml">
      <Filter>Scene</Filter>
    </Xml>
    <Xml Include="Resources\Scene\Empty.xml">
      <Filter>Scene</Filter>
    </Xml>
  </ItemGroup>
</Project>